Microsoft Visual Studio Solution File, Format Version 12.00
# Visual Studio Version 16
VisualStudioVersion = 16.0.29306.81
MinimumVisualStudioVersion = 10.0.40219.1
Project("{9A19103F-16F7-4668-BE54-9A1E7A4F7556}") = "bst", "456\bst.csproj", "{067D3A46-AA4F-453C-AA6C-674C6BCFABB7}"
EndProject
Project("{FAE04EC0-301F-11D3-BF4B-00C04F79EFBC}") = "Tests", "Tests\Tests.csproj", "{ED020004-1E5D-4428-B157-EA256F194141}"
EndProject
Global
	GlobalSection(SolutionConfigurationPlatforms) = preSolution
		Debug|Any CPU = Debug|Any CPU
		Release|Any CPU = Release|Any CPU
		win debug|Any CPU = win debug|Any CPU
	EndGlobalSection
	GlobalSection(ProjectConfigurationPlatforms) = postSolution
		{067D3A46-AA4F-453C-AA6C-674C6BCFABB7}.Debug|Any CPU.ActiveCfg = win debug|Any CPU
		{067D3A46-AA4F-453C-AA6C-674C6BCFABB7}.Debug|Any CPU.Build.0 = win debug|Any CPU
		{067D3A46-AA4F-453C-AA6C-674C6BCFABB7}.Release|Any CPU.ActiveCfg = Release|Any CPU
		{067D3A46-AA4F-453C-AA6C-674C6BCFABB7}.Release|Any CPU.Build.0 = Release|Any CPU
		{067D3A46-AA4F-453C-AA6C-674C6BCFABB7}.win debug|Any CPU.ActiveCfg = win debug|Any CPU
		{067D3A46-AA4F-453C-AA6C-674C6BCFABB7}.win debug|Any CPU.Build.0 = win debug|Any CPU
		{ED020004-1E5D-4428-B157-EA256F194141}.Debug|Any CPU.ActiveCfg = Debug|Any CPU
		{ED020004-1E5D-4428-B157-EA256F194141}.Debug|Any CPU.Build.0 = Debug|Any CPU
		{ED020004-1E5D-4428-B157-EA256F194141}.Release|Any CPU.ActiveCfg = Release|Any CPU
		{ED020004-1E5D-4428-B157-EA256F194141}.Release|Any CPU.Build.0 = Release|Any CPU
		{ED020004-1E5D-4428-B157-EA256F194141}.win debug|Any CPU.ActiveCfg = Debug|Any CPU
		{ED020004-1E5D-4428-B157-EA256F194141}.win debug|Any CPU.Build.0 = Debug|Any CPU
	EndGlobalSection
	GlobalSection(SolutionProperties) = preSolution
		HideSolutionNode = FALSE
	EndGlobalSection
	GlobalSection(ExtensibilityGlobals) = postSolution
		SolutionGuid = {00075A7C-F2FD-4275-A8AC-2688E954DF17}
	EndGlobalSection
EndGlobal
